
Microsoft Visual Studio Solution File, Format Version 12.00
# Visual Studio Version 16
VisualStudioVersion = 16.0.29509.3
MinimumVisualStudioVersion = 10.0.40219.1
Project("{FAE04EC0-301F-11D3-BF4B-00C04F79EFBC}") = "6-AtribuicoesDeVariaveis", "6-AtribuicoesDeVariaveis\6-AtribuicoesDeVariaveis.csproj", "{32CD9AE4-8C81-4901-AC23-4FD451F42BD3}"
EndProject
Global
	GlobalSection(SolutionConfigurationPlatforms) = preSolution
		Debug|Any CPU = Debug|Any CPU
		Release|Any CPU = Release|Any CPU
	EndGlobalSection
	GlobalSection(ProjectConfigurationPlatforms) = postSolution
		{32CD9AE4-8C81-4901-AC23-4FD451F42BD3}.Debug|Any CPU.ActiveCfg = Debug|Any CPU
		{32CD9AE4-8C81-4901-AC23-4FD451F42BD3}.Debug|Any CPU.Build.0 = Debug|Any CPU
		{32CD9AE4-8C81-4901-AC23-4FD451F42BD3}.Release|Any CPU.ActiveCfg = Release|Any CPU
		{32CD9AE4-8C81-4901-AC23-4FD451F42BD3}.Release|Any CPU.Build.0 = Release|Any CPU
	EndGlobalSection
	GlobalSection(SolutionProperties) = preSolution
		HideSolutionNode = FALSE
	EndGlobalSection
	GlobalSection(ExtensibilityGlobals) = postSolution
		SolutionGuid = {F7E43D88-BD60-42D2-89CF-44E5E0654A47}
	EndGlobalSection
EndGlobal
